
Microsoft Visual Studio Solution File, Format Version 12.00
# Visual Studio 15
VisualStudioVersion = 15.0.28307.960
MinimumVisualStudioVersion = 10.0.40219.1
Project("{FAE04EC0-301F-11D3-BF4B-00C04F79EFBC}") = "Siec-neuronowa", "Siec-neuronowa\Siec-neuronowa.csproj", "{F6812D68-8978-4882-9E66-650568DBD2D1}"
EndProject
Global
	GlobalSection(SolutionConfigurationPlatforms) = preSolution
		Debug|Any CPU = Debug|Any CPU
		Release|Any CPU = Release|Any CPU
	EndGlobalSection
	GlobalSection(ProjectConfigurationPlatforms) = postSolution
		{F6812D68-8978-4882-9E66-650568DBD2D1}.Debug|Any CPU.ActiveCfg = Debug|Any CPU
		{F6812D68-8978-4882-9E66-650568DBD2D1}.Debug|Any CPU.Build.0 = Debug|Any CPU
		{F6812D68-8978-4882-9E66-650568DBD2D1}.Release|Any CPU.ActiveCfg = Release|Any CPU
		{F6812D68-8978-4882-9E66-650568DBD2D1}.Release|Any CPU.Build.0 = Release|Any CPU
	EndGlobalSection
	GlobalSection(SolutionProperties) = preSolution
		HideSolutionNode = FALSE
	EndGlobalSection
	GlobalSection(ExtensibilityGlobals) = postSolution
		SolutionGuid = {82A0E532-D10C-47C6-BD2F-9048CA75B527}
	EndGlobalSection
EndGlobal
